
Microsoft Visual Studio Solution File, Format Version 11.00
# Visual Studio 2010
Project("{FAE04EC0-301F-11D3-BF4B-00C04F79EFBC}") = "Assembly-CSharp", "Assembly-CSharp.csproj", "{6B27F319-C680-02F2-FAAC-848D9615D0B1}"
EndProject
Project("{FAE04EC0-301F-11D3-BF4B-00C04F79EFBC}") = "Substance.Platform", "Substance.Platform.csproj", "{233B65FA-DCDF-BA88-73AF-B096115A2BD4}"
EndProject
Project("{FAE04EC0-301F-11D3-BF4B-00C04F79EFBC}") = "Assembly-CSharp-Editor", "Assembly-CSharp-Editor.csproj", "{F3FB0DF5-1130-4CD9-86C0-552642676814}"
EndProject
Global
	GlobalSection(SolutionConfigurationPlatforms) = preSolution
		Debug|Any CPU = Debug|Any CPU
		Release|Any CPU = Release|Any CPU
	EndGlobalSection
	GlobalSection(ProjectConfigurationPlatforms) = postSolution
		{6B27F319-C680-02F2-FAAC-848D9615D0B1}.Debug|Any CPU.ActiveCfg = Debug|Any CPU
		{6B27F319-C680-02F2-FAAC-848D9615D0B1}.Debug|Any CPU.Build.0 = Debug|Any CPU
		{6B27F319-C680-02F2-FAAC-848D9615D0B1}.Release|Any CPU.ActiveCfg = Release|Any CPU
		{6B27F319-C680-02F2-FAAC-848D9615D0B1}.Release|Any CPU.Build.0 = Release|Any CPU
		{233B65FA-DCDF-BA88-73AF-B096115A2BD4}.Debug|Any CPU.ActiveCfg = Debug|Any CPU
		{233B65FA-DCDF-BA88-73AF-B096115A2BD4}.Debug|Any CPU.Build.0 = Debug|Any CPU
		{233B65FA-DCDF-BA88-73AF-B096115A2BD4}.Release|Any CPU.ActiveCfg = Release|Any CPU
		{233B65FA-DCDF-BA88-73AF-B096115A2BD4}.Release|Any CPU.Build.0 = Release|Any CPU
		{F3FB0DF5-1130-4CD9-86C0-552642676814}.Debug|Any CPU.ActiveCfg = Debug|Any CPU
		{F3FB0DF5-1130-4CD9-86C0-552642676814}.Debug|Any CPU.Build.0 = Debug|Any CPU
		{F3FB0DF5-1130-4CD9-86C0-552642676814}.Release|Any CPU.ActiveCfg = Release|Any CPU
		{F3FB0DF5-1130-4CD9-86C0-552642676814}.Release|Any CPU.Build.0 = Release|Any CPU
	EndGlobalSection
	GlobalSection(SolutionProperties) = preSolution
		HideSolutionNode = FALSE
	EndGlobalSection
EndGlobal
